
Microsoft Visual Studio Solution File, Format Version 12.00
# Visual Studio Version 17
VisualStudioVersion = 17.8.34309.116
MinimumVisualStudioVersion = 10.0.40219.1
Project("{FAE04EC0-301F-11D3-BF4B-00C04F79EFBC}") = "AddressInfos", "AddressInfos.csproj", "{4A205BA0-BBD2-4F6D-BE5B-8019093A6FF3}"
EndProject
Project("{FAE04EC0-301F-11D3-BF4B-00C04F79EFBC}") = "AddressInfoRepository", "..\AddressInfoRepository\AddressInfoRepository.csproj", "{48FA51E5-738A-42D2-AD7A-B2B5784A5006}"
EndProject
Global
	GlobalSection(SolutionConfigurationPlatforms) = preSolution
		Debug|Any CPU = Debug|Any CPU
		Release|Any CPU = Release|Any CPU
	EndGlobalSection
	GlobalSection(ProjectConfigurationPlatforms) = postSolution
		{4A205BA0-BBD2-4F6D-BE5B-8019093A6FF3}.Debug|Any CPU.ActiveCfg = Debug|Any CPU
		{4A205BA0-BBD2-4F6D-BE5B-8019093A6FF3}.Debug|Any CPU.Build.0 = Debug|Any CPU
		{4A205BA0-BBD2-4F6D-BE5B-8019093A6FF3}.Release|Any CPU.ActiveCfg = Release|Any CPU
		{4A205BA0-BBD2-4F6D-BE5B-8019093A6FF3}.Release|Any CPU.Build.0 = Release|Any CPU
		{48FA51E5-738A-42D2-AD7A-B2B5784A5006}.Debug|Any CPU.ActiveCfg = Debug|Any CPU
		{48FA51E5-738A-42D2-AD7A-B2B5784A5006}.Debug|Any CPU.Build.0 = Debug|Any CPU
		{48FA51E5-738A-42D2-AD7A-B2B5784A5006}.Release|Any CPU.ActiveCfg = Release|Any CPU
		{48FA51E5-738A-42D2-AD7A-B2B5784A5006}.Release|Any CPU.Build.0 = Release|Any CPU
	EndGlobalSection
	GlobalSection(SolutionProperties) = preSolution
		HideSolutionNode = FALSE
	EndGlobalSection
	GlobalSection(ExtensibilityGlobals) = postSolution
		SolutionGuid = {0AB06B81-E3BA-49C3-A7CB-8DEA1E83EAFF}
	EndGlobalSection
EndGlobal
